{
  "originHash" : "26448b9018902d88b7bf1cde16a305220cf5ca07f117df23ecf8480d38593613",
  "pins" : [
    {
      "identity" : "sfsymbolenum",
      "kind" : "remoteSourceControl",
      "location" : "https://github.com/jollyjinx/SFSymbolEnum.git",
      "state" : {
        "revision" : "ddd5a60eacd1cc14d39b129daa8393ab1ea3e4d7",
        "version" : "2.5.0"
      }
    }
  ],
  "version" : 3
}
